
Microsoft Visual Studio Solution File, Format Version 12.00
# Visual Studio Version 17
VisualStudioVersion = 17.14.36121.58
MinimumVisualStudioVersion = 10.0.40219.1
Project("{FAE04EC0-301F-11D3-BF4B-00C04F79EFBC}") = "Core", "Core\Core.csproj", "{206BD3E4-F88E-4F2B-99EC-E0B9B91712FC}"
EndProject
Project("{FAE04EC0-301F-11D3-BF4B-00C04F79EFBC}") = "Business", "Business\Business.csproj", "{C5827C10-32D2-D72F-4639-49B48E591E74}"
EndProject
Project("{FAE04EC0-301F-11D3-BF4B-00C04F79EFBC}") = "RestTests", "Tests\RestTests.csproj", "{9CF47860-2CEA-F379-09D8-9AEF27965D12}"
EndProject
Project("{FAE04EC0-301F-11D3-BF4B-00C04F79EFBC}") = "WebDriverTests", "LocatorsForWebElementsTests\WebDriverTests.csproj", "{A892D1D0-C3EB-9509-1946-A4570EF03351}"
EndProject
Project("{FAE04EC0-301F-11D3-BF4B-00C04F79EFBC}") = "SpecFlowTests", "Reqnroll\SpecFlowTests.csproj", "{F0ADEDAB-EA00-7B3D-FCFB-A5705DD55AC9}"
EndProject
Global
	GlobalSection(SolutionConfigurationPlatforms) = preSolution
		Debug|Any CPU = Debug|Any CPU
		Release|Any CPU = Release|Any CPU
	EndGlobalSection
	GlobalSection(ProjectConfigurationPlatforms) = postSolution
		{206BD3E4-F88E-4F2B-99EC-E0B9B91712FC}.Debug|Any CPU.ActiveCfg = Debug|Any CPU
		{206BD3E4-F88E-4F2B-99EC-E0B9B91712FC}.Debug|Any CPU.Build.0 = Debug|Any CPU
		{206BD3E4-F88E-4F2B-99EC-E0B9B91712FC}.Release|Any CPU.ActiveCfg = Release|Any CPU
		{206BD3E4-F88E-4F2B-99EC-E0B9B91712FC}.Release|Any CPU.Build.0 = Release|Any CPU
		{C5827C10-32D2-D72F-4639-49B48E591E74}.Debug|Any CPU.ActiveCfg = Debug|Any CPU
		{C5827C10-32D2-D72F-4639-49B48E591E74}.Debug|Any CPU.Build.0 = Debug|Any CPU
		{C5827C10-32D2-D72F-4639-49B48E591E74}.Release|Any CPU.ActiveCfg = Release|Any CPU
		{C5827C10-32D2-D72F-4639-49B48E591E74}.Release|Any CPU.Build.0 = Release|Any CPU
		{9CF47860-2CEA-F379-09D8-9AEF27965D12}.Debug|Any CPU.ActiveCfg = Debug|Any CPU
		{9CF47860-2CEA-F379-09D8-9AEF27965D12}.Debug|Any CPU.Build.0 = Debug|Any CPU
		{9CF47860-2CEA-F379-09D8-9AEF27965D12}.Release|Any CPU.ActiveCfg = Release|Any CPU
		{9CF47860-2CEA-F379-09D8-9AEF27965D12}.Release|Any CPU.Build.0 = Release|Any CPU
		{A892D1D0-C3EB-9509-1946-A4570EF03351}.Debug|Any CPU.ActiveCfg = Debug|Any CPU
		{A892D1D0-C3EB-9509-1946-A4570EF03351}.Debug|Any CPU.Build.0 = Debug|Any CPU
		{A892D1D0-C3EB-9509-1946-A4570EF03351}.Release|Any CPU.ActiveCfg = Release|Any CPU
		{A892D1D0-C3EB-9509-1946-A4570EF03351}.Release|Any CPU.Build.0 = Release|Any CPU
		{F0ADEDAB-EA00-7B3D-FCFB-A5705DD55AC9}.Debug|Any CPU.ActiveCfg = Debug|Any CPU
		{F0ADEDAB-EA00-7B3D-FCFB-A5705DD55AC9}.Debug|Any CPU.Build.0 = Debug|Any CPU
		{F0ADEDAB-EA00-7B3D-FCFB-A5705DD55AC9}.Release|Any CPU.ActiveCfg = Release|Any CPU
		{F0ADEDAB-EA00-7B3D-FCFB-A5705DD55AC9}.Release|Any CPU.Build.0 = Release|Any CPU
	EndGlobalSection
	GlobalSection(SolutionProperties) = preSolution
		HideSolutionNode = FALSE
	EndGlobalSection
	GlobalSection(ExtensibilityGlobals) = postSolution
		SolutionGuid = {E468A28E-3454-48B9-8D98-EFAD4DB09653}
	EndGlobalSection
EndGlobal
